
Microsoft Visual Studio Solution File, Format Version 12.00
# Visual Studio Version 16
VisualStudioVersion = 16.0.30907.101
MinimumVisualStudioVersion = 10.0.40219.1
Project("{FAE04EC0-301F-11D3-BF4B-00C04F79EFBC}") = "Logic.Tests", "Logic.Tests\Logic.Tests.csproj", "{DD12D238-9361-4043-8DD6-2FB4B8F8E67B}"
EndProject
Project("{FAE04EC0-301F-11D3-BF4B-00C04F79EFBC}") = "Data", "Data\Data.csproj", "{EF0CD64E-82E2-4E61-8CC6-D92485A435C7}"
EndProject
Project("{9A19103F-16F7-4668-BE54-9A1E7A4F7556}") = "Model", "Model\Model.csproj", "{710A21B5-F011-4FB2-92D2-13FDD76B19C6}"
EndProject
Project("{FAE04EC0-301F-11D3-BF4B-00C04F79EFBC}") = "Model.Tests", "Model.Tests\Model.Tests.csproj", "{96FCD91F-E0FC-4E9C-86E7-1E6D27F59D1C}"
EndProject
Project("{9A19103F-16F7-4668-BE54-9A1E7A4F7556}") = "ViewModel", "ViewModel\ViewModel.csproj", "{7EC6328E-F341-4A4A-839E-B30BD573AFA3}"
EndProject
Project("{FAE04EC0-301F-11D3-BF4B-00C04F79EFBC}") = "ViewModel.Tests", "ViewModel.Tests\ViewModel.Tests.csproj", "{519D3FD4-07D8-46FA-B88F-617A0974BCEA}"
EndProject
Project("{FAE04EC0-301F-11D3-BF4B-00C04F79EFBC}") = "View", "View\View.csproj", "{AF48C113-B0C2-47B9-9BA7-83EC7268D12C}"
EndProject
Project("{2150E333-8FDC-42A3-9474-1A3956D46DE8}") = "BLL", "BLL", "{95BAA1B5-BBF0-482E-87BD-A5EECF580CAC}"
EndProject
Project("{2150E333-8FDC-42A3-9474-1A3956D46DE8}") = "DAL", "DAL", "{B89C44E0-19A0-470F-AD02-D3D829F2DEA8}"
EndProject
Project("{2150E333-8FDC-42A3-9474-1A3956D46DE8}") = "UI", "UI", "{0A82A0B0-CE3E-4A4E-9D25-C688CA332B92}"
EndProject
Project("{FAE04EC0-301F-11D3-BF4B-00C04F79EFBC}") = "Logic", "Logic\Logic.csproj", "{346F2401-0C1E-40E4-A8F7-47D9408A73FE}"
EndProject
Global
	GlobalSection(SolutionConfigurationPlatforms) = preSolution
		Debug|Any CPU = Debug|Any CPU
		Release|Any CPU = Release|Any CPU
	EndGlobalSection
	GlobalSection(ProjectConfigurationPlatforms) = postSolution
		{DD12D238-9361-4043-8DD6-2FB4B8F8E67B}.Debug|Any CPU.ActiveCfg = Debug|Any CPU
		{DD12D238-9361-4043-8DD6-2FB4B8F8E67B}.Debug|Any CPU.Build.0 = Debug|Any CPU
		{DD12D238-9361-4043-8DD6-2FB4B8F8E67B}.Release|Any CPU.ActiveCfg = Release|Any CPU
		{DD12D238-9361-4043-8DD6-2FB4B8F8E67B}.Release|Any CPU.Build.0 = Release|Any CPU
		{EF0CD64E-82E2-4E61-8CC6-D92485A435C7}.Debug|Any CPU.ActiveCfg = Debug|Any CPU
		{EF0CD64E-82E2-4E61-8CC6-D92485A435C7}.Debug|Any CPU.Build.0 = Debug|Any CPU
		{EF0CD64E-82E2-4E61-8CC6-D92485A435C7}.Release|Any CPU.ActiveCfg = Release|Any CPU
		{EF0CD64E-82E2-4E61-8CC6-D92485A435C7}.Release|Any CPU.Build.0 = Release|Any CPU
		{710A21B5-F011-4FB2-92D2-13FDD76B19C6}.Debug|Any CPU.ActiveCfg = Debug|Any CPU
		{710A21B5-F011-4FB2-92D2-13FDD76B19C6}.Debug|Any CPU.Build.0 = Debug|Any CPU
		{710A21B5-F011-4FB2-92D2-13FDD76B19C6}.Release|Any CPU.ActiveCfg = Release|Any CPU
		{710A21B5-F011-4FB2-92D2-13FDD76B19C6}.Release|Any CPU.Build.0 = Release|Any CPU
		{96FCD91F-E0FC-4E9C-86E7-1E6D27F59D1C}.Debug|Any CPU.ActiveCfg = Debug|Any CPU
		{96FCD91F-E0FC-4E9C-86E7-1E6D27F59D1C}.Debug|Any CPU.Build.0 = Debug|Any CPU
		{96FCD91F-E0FC-4E9C-86E7-1E6D27F59D1C}.Release|Any CPU.ActiveCfg = Release|Any CPU
		{96FCD91F-E0FC-4E9C-86E7-1E6D27F59D1C}.Release|Any CPU.Build.0 = Release|Any CPU
		{7EC6328E-F341-4A4A-839E-B30BD573AFA3}.Debug|Any CPU.ActiveCfg = Debug|Any CPU
		{7EC6328E-F341-4A4A-839E-B30BD573AFA3}.Debug|Any CPU.Build.0 = Debug|Any CPU
		{7EC6328E-F341-4A4A-839E-B30BD573AFA3}.Release|Any CPU.ActiveCfg = Release|Any CPU
		{7EC6328E-F341-4A4A-839E-B30BD573AFA3}.Release|Any CPU.Build.0 = Release|Any CPU
		{519D3FD4-07D8-46FA-B88F-617A0974BCEA}.Debug|Any CPU.ActiveCfg = Debug|Any CPU
		{519D3FD4-07D8-46FA-B88F-617A0974BCEA}.Debug|Any CPU.Build.0 = Debug|Any CPU
		{519D3FD4-07D8-46FA-B88F-617A0974BCEA}.Release|Any CPU.ActiveCfg = Release|Any CPU
		{519D3FD4-07D8-46FA-B88F-617A0974BCEA}.Release|Any CPU.Build.0 = Release|Any CPU
		{AF48C113-B0C2-47B9-9BA7-83EC7268D12C}.Debug|Any CPU.ActiveCfg = Debug|Any CPU
		{AF48C113-B0C2-47B9-9BA7-83EC7268D12C}.Debug|Any CPU.Build.0 = Debug|Any CPU
		{AF48C113-B0C2-47B9-9BA7-83EC7268D12C}.Release|Any CPU.ActiveCfg = Release|Any CPU
		{AF48C113-B0C2-47B9-9BA7-83EC7268D12C}.Release|Any CPU.Build.0 = Release|Any CPU
		{346F2401-0C1E-40E4-A8F7-47D9408A73FE}.Debug|Any CPU.ActiveCfg = Debug|Any CPU
		{346F2401-0C1E-40E4-A8F7-47D9408A73FE}.Debug|Any CPU.Build.0 = Debug|Any CPU
		{346F2401-0C1E-40E4-A8F7-47D9408A73FE}.Release|Any CPU.ActiveCfg = Release|Any CPU
		{346F2401-0C1E-40E4-A8F7-47D9408A73FE}.Release|Any CPU.Build.0 = Release|Any CPU
	EndGlobalSection
	GlobalSection(SolutionProperties) = preSolution
		HideSolutionNode = FALSE
	EndGlobalSection
	GlobalSection(NestedProjects) = preSolution
		{DD12D238-9361-4043-8DD6-2FB4B8F8E67B} = {95BAA1B5-BBF0-482E-87BD-A5EECF580CAC}
		{EF0CD64E-82E2-4E61-8CC6-D92485A435C7} = {B89C44E0-19A0-470F-AD02-D3D829F2DEA8}
		{710A21B5-F011-4FB2-92D2-13FDD76B19C6} = {0A82A0B0-CE3E-4A4E-9D25-C688CA332B92}
		{96FCD91F-E0FC-4E9C-86E7-1E6D27F59D1C} = {0A82A0B0-CE3E-4A4E-9D25-C688CA332B92}
		{7EC6328E-F341-4A4A-839E-B30BD573AFA3} = {0A82A0B0-CE3E-4A4E-9D25-C688CA332B92}
		{519D3FD4-07D8-46FA-B88F-617A0974BCEA} = {0A82A0B0-CE3E-4A4E-9D25-C688CA332B92}
		{AF48C113-B0C2-47B9-9BA7-83EC7268D12C} = {0A82A0B0-CE3E-4A4E-9D25-C688CA332B92}
		{346F2401-0C1E-40E4-A8F7-47D9408A73FE} = {95BAA1B5-BBF0-482E-87BD-A5EECF580CAC}
	EndGlobalSection
	GlobalSection(ExtensibilityGlobals) = postSolution
		SolutionGuid = {9617AB58-3282-4ADD-9318-E62D6997960C}
	EndGlobalSection
EndGlobal
