
Microsoft Visual Studio Solution File, Format Version 12.00
# Visual Studio Version 16
VisualStudioVersion = 16.0.30907.101
MinimumVisualStudioVersion = 10.0.40219.1
Project("{2150E333-8FDC-42A3-9474-1A3956D46DE8}") = "DAL", "DAL", "{CD316E88-C430-47F4-B3D0-6EDE9C0F3947}"
EndProject
Project("{2150E333-8FDC-42A3-9474-1A3956D46DE8}") = "BLL", "BLL", "{8ACC76D0-2A43-466F-BA60-6A7B1A3DAA19}"
EndProject
Project("{2150E333-8FDC-42A3-9474-1A3956D46DE8}") = "UI", "UI", "{572BA47E-D55C-4A09-84C0-AC8964CAEFAC}"
EndProject
Project("{9A19103F-16F7-4668-BE54-9A1E7A4F7556}") = "Model", "Model\Model.csproj", "{89D406C4-8108-4F0D-B01D-669EDBFF973E}"
	ProjectSection(ProjectDependencies) = postProject
		{830FFDC8-10D0-4A11-9297-FFD134F4D6CD} = {830FFDC8-10D0-4A11-9297-FFD134F4D6CD}
	EndProjectSection
EndProject
Project("{9A19103F-16F7-4668-BE54-9A1E7A4F7556}") = "ViewModel", "ViewModel\ViewModel.csproj", "{56D0708A-5F7D-4AE4-86AC-205E3D51A4FD}"
	ProjectSection(ProjectDependencies) = postProject
		{89D406C4-8108-4F0D-B01D-669EDBFF973E} = {89D406C4-8108-4F0D-B01D-669EDBFF973E}
	EndProjectSection
EndProject
Project("{9A19103F-16F7-4668-BE54-9A1E7A4F7556}") = "Logic", "Logic\Logic.csproj", "{830FFDC8-10D0-4A11-9297-FFD134F4D6CD}"
EndProject
Project("{FAE04EC0-301F-11D3-BF4B-00C04F79EFBC}") = "View", "View\View.csproj", "{AF48C113-B0C2-47B9-9BA7-83EC7268D12C}"
	ProjectSection(ProjectDependencies) = postProject
		{56D0708A-5F7D-4AE4-86AC-205E3D51A4FD} = {56D0708A-5F7D-4AE4-86AC-205E3D51A4FD}
	EndProjectSection
EndProject
Project("{FAE04EC0-301F-11D3-BF4B-00C04F79EFBC}") = "Logic.Tests", "Logic.Tests\Logic.Tests.csproj", "{DD12D238-9361-4043-8DD6-2FB4B8F8E67B}"
	ProjectSection(ProjectDependencies) = postProject
		{830FFDC8-10D0-4A11-9297-FFD134F4D6CD} = {830FFDC8-10D0-4A11-9297-FFD134F4D6CD}
	EndProjectSection
EndProject
Project("{FAE04EC0-301F-11D3-BF4B-00C04F79EFBC}") = "Model.Tests", "Model.Tests\Model.Tests.csproj", "{96FCD91F-E0FC-4E9C-86E7-1E6D27F59D1C}"
	ProjectSection(ProjectDependencies) = postProject
		{89D406C4-8108-4F0D-B01D-669EDBFF973E} = {89D406C4-8108-4F0D-B01D-669EDBFF973E}
	EndProjectSection
EndProject
Project("{FAE04EC0-301F-11D3-BF4B-00C04F79EFBC}") = "ViewModel.Tests", "ViewModel.Tests\ViewModel.Tests.csproj", "{519D3FD4-07D8-46FA-B88F-617A0974BCEA}"
	ProjectSection(ProjectDependencies) = postProject
		{56D0708A-5F7D-4AE4-86AC-205E3D51A4FD} = {56D0708A-5F7D-4AE4-86AC-205E3D51A4FD}
	EndProjectSection
EndProject
Project("{FAE04EC0-301F-11D3-BF4B-00C04F79EFBC}") = "Data", "Data\Data.csproj", "{EF0CD64E-82E2-4E61-8CC6-D92485A435C7}"
EndProject
Global
	GlobalSection(SolutionConfigurationPlatforms) = preSolution
		Debug|Any CPU = Debug|Any CPU
		Release|Any CPU = Release|Any CPU
	EndGlobalSection
	GlobalSection(ProjectConfigurationPlatforms) = postSolution
		{89D406C4-8108-4F0D-B01D-669EDBFF973E}.Debug|Any CPU.ActiveCfg = Debug|Any CPU
		{89D406C4-8108-4F0D-B01D-669EDBFF973E}.Debug|Any CPU.Build.0 = Debug|Any CPU
		{89D406C4-8108-4F0D-B01D-669EDBFF973E}.Release|Any CPU.ActiveCfg = Release|Any CPU
		{89D406C4-8108-4F0D-B01D-669EDBFF973E}.Release|Any CPU.Build.0 = Release|Any CPU
		{56D0708A-5F7D-4AE4-86AC-205E3D51A4FD}.Debug|Any CPU.ActiveCfg = Debug|Any CPU
		{56D0708A-5F7D-4AE4-86AC-205E3D51A4FD}.Debug|Any CPU.Build.0 = Debug|Any CPU
		{56D0708A-5F7D-4AE4-86AC-205E3D51A4FD}.Release|Any CPU.ActiveCfg = Release|Any CPU
		{56D0708A-5F7D-4AE4-86AC-205E3D51A4FD}.Release|Any CPU.Build.0 = Release|Any CPU
		{830FFDC8-10D0-4A11-9297-FFD134F4D6CD}.Debug|Any CPU.ActiveCfg = Debug|Any CPU
		{830FFDC8-10D0-4A11-9297-FFD134F4D6CD}.Debug|Any CPU.Build.0 = Debug|Any CPU
		{830FFDC8-10D0-4A11-9297-FFD134F4D6CD}.Release|Any CPU.ActiveCfg = Release|Any CPU
		{830FFDC8-10D0-4A11-9297-FFD134F4D6CD}.Release|Any CPU.Build.0 = Release|Any CPU
		{AF48C113-B0C2-47B9-9BA7-83EC7268D12C}.Debug|Any CPU.ActiveCfg = Debug|Any CPU
		{AF48C113-B0C2-47B9-9BA7-83EC7268D12C}.Debug|Any CPU.Build.0 = Debug|Any CPU
		{AF48C113-B0C2-47B9-9BA7-83EC7268D12C}.Release|Any CPU.ActiveCfg = Release|Any CPU
		{AF48C113-B0C2-47B9-9BA7-83EC7268D12C}.Release|Any CPU.Build.0 = Release|Any CPU
		{DD12D238-9361-4043-8DD6-2FB4B8F8E67B}.Debug|Any CPU.ActiveCfg = Debug|Any CPU
		{DD12D238-9361-4043-8DD6-2FB4B8F8E67B}.Debug|Any CPU.Build.0 = Debug|Any CPU
		{DD12D238-9361-4043-8DD6-2FB4B8F8E67B}.Release|Any CPU.ActiveCfg = Release|Any CPU
		{DD12D238-9361-4043-8DD6-2FB4B8F8E67B}.Release|Any CPU.Build.0 = Release|Any CPU
		{96FCD91F-E0FC-4E9C-86E7-1E6D27F59D1C}.Debug|Any CPU.ActiveCfg = Debug|Any CPU
		{96FCD91F-E0FC-4E9C-86E7-1E6D27F59D1C}.Debug|Any CPU.Build.0 = Debug|Any CPU
		{96FCD91F-E0FC-4E9C-86E7-1E6D27F59D1C}.Release|Any CPU.ActiveCfg = Release|Any CPU
		{96FCD91F-E0FC-4E9C-86E7-1E6D27F59D1C}.Release|Any CPU.Build.0 = Release|Any CPU
		{519D3FD4-07D8-46FA-B88F-617A0974BCEA}.Debug|Any CPU.ActiveCfg = Debug|Any CPU
		{519D3FD4-07D8-46FA-B88F-617A0974BCEA}.Debug|Any CPU.Build.0 = Debug|Any CPU
		{519D3FD4-07D8-46FA-B88F-617A0974BCEA}.Release|Any CPU.ActiveCfg = Release|Any CPU
		{519D3FD4-07D8-46FA-B88F-617A0974BCEA}.Release|Any CPU.Build.0 = Release|Any CPU
		{EF0CD64E-82E2-4E61-8CC6-D92485A435C7}.Debug|Any CPU.ActiveCfg = Debug|Any CPU
		{EF0CD64E-82E2-4E61-8CC6-D92485A435C7}.Debug|Any CPU.Build.0 = Debug|Any CPU
		{EF0CD64E-82E2-4E61-8CC6-D92485A435C7}.Release|Any CPU.ActiveCfg = Release|Any CPU
		{EF0CD64E-82E2-4E61-8CC6-D92485A435C7}.Release|Any CPU.Build.0 = Release|Any CPU
	EndGlobalSection
	GlobalSection(SolutionProperties) = preSolution
		HideSolutionNode = FALSE
	EndGlobalSection
	GlobalSection(NestedProjects) = preSolution
		{89D406C4-8108-4F0D-B01D-669EDBFF973E} = {572BA47E-D55C-4A09-84C0-AC8964CAEFAC}
		{56D0708A-5F7D-4AE4-86AC-205E3D51A4FD} = {572BA47E-D55C-4A09-84C0-AC8964CAEFAC}
		{830FFDC8-10D0-4A11-9297-FFD134F4D6CD} = {8ACC76D0-2A43-466F-BA60-6A7B1A3DAA19}
		{AF48C113-B0C2-47B9-9BA7-83EC7268D12C} = {572BA47E-D55C-4A09-84C0-AC8964CAEFAC}
		{DD12D238-9361-4043-8DD6-2FB4B8F8E67B} = {8ACC76D0-2A43-466F-BA60-6A7B1A3DAA19}
		{96FCD91F-E0FC-4E9C-86E7-1E6D27F59D1C} = {572BA47E-D55C-4A09-84C0-AC8964CAEFAC}
		{519D3FD4-07D8-46FA-B88F-617A0974BCEA} = {572BA47E-D55C-4A09-84C0-AC8964CAEFAC}
		{EF0CD64E-82E2-4E61-8CC6-D92485A435C7} = {CD316E88-C430-47F4-B3D0-6EDE9C0F3947}
	EndGlobalSection
	GlobalSection(ExtensibilityGlobals) = postSolution
		SolutionGuid = {9617AB58-3282-4ADD-9318-E62D6997960C}
	EndGlobalSection
EndGlobal
